<Solution>
    <Folder Name="/Solution Items/">
        <File Path="Directory.Build.props" />
        <File Path="nuget.config" />
        <File Path=".gitignore" />
    </Folder>
    <Folder Name="/src/">
        <Project Path="src/Windows10CE.InlineIL.Processor/Windows10CE.InlineIL.Processor.csproj" />
        <Project Path="src/Windows10CE.InlineIL.Task/Windows10CE.InlineIL.Task.csproj" />
        <Project Path="src/Windows10CE.InlineIL/Windows10CE.InlineIL.csproj" />
    </Folder>
    <Folder Name="/test/">
        <Project Path="test/Scratchpad/Scratchpad.csproj" />
    </Folder>
</Solution>
